// !$*UTF8*$!
{
	archiveVersion = 1;
	classes = {
	};
	objectVersion = 56;
	objects = {

/* Begin PBXBuildFile section */
		B7566AA22A13C54C00702727 /* RMOrigin.swift in Sources */ = {isa = PBXBuildFile; fileRef = B7566AA12A13C54C00702727 /* RMOrigin.swift */; };
		B7566AA42A13C65900702727 /* RMSingleLocation.swift in Sources */ = {isa = PBXBuildFile; fileRef = B7566AA32A13C65900702727 /* RMSingleLocation.swift */; };
		B7566AA62A13C83400702727 /* RMCharacterStatus.swift in Sources */ = {isa = PBXBuildFile; fileRef = B7566AA52A13C83400702727 /* RMCharacterStatus.swift */; };
		B7566AA82A13C88900702727 /* RMCharacterGender.swift in Sources */ = {isa = PBXBuildFile; fileRef = B7566AA72A13C88900702727 /* RMCharacterGender.swift */; };
		B7986CE529EBF60000A73CB7 /* RMLocation.swift in Sources */ = {isa = PBXBuildFile; fileRef = B7986CE429EBF60000A73CB7 /* RMLocation.swift */; };
		B7986CE729EBF61B00A73CB7 /* RMCharacter.swift in Sources */ = {isa = PBXBuildFile; fileRef = B7986CE629EBF61B00A73CB7 /* RMCharacter.swift */; };
		B7986CE929EBF63700A73CB7 /* RMEpisode.swift in Sources */ = {isa = PBXBuildFile; fileRef = B7986CE829EBF63700A73CB7 /* RMEpisode.swift */; };
		B7986CEC29EBF72000A73CB7 /* RMCharacterViewController.swift in Sources */ = {isa = PBXBuildFile; fileRef = B7986CEB29EBF72000A73CB7 /* RMCharacterViewController.swift */; };
		B7986CEE29EBF75700A73CB7 /* RMEpisodeViewController.swift in Sources */ = {isa = PBXBuildFile; fileRef = B7986CED29EBF75700A73CB7 /* RMEpisodeViewController.swift */; };
		B7986CF029EBF76700A73CB7 /* RMSettingsViewController.swift in Sources */ = {isa = PBXBuildFile; fileRef = B7986CEF29EBF76700A73CB7 /* RMSettingsViewController.swift */; };
		B7986CF229EBF78800A73CB7 /* RMLocationViewController.swift in Sources */ = {isa = PBXBuildFile; fileRef = B7986CF129EBF78800A73CB7 /* RMLocationViewController.swift */; };
		B7986CF529EC08F900A73CB7 /* RMService.swift in Sources */ = {isa = PBXBuildFile; fileRef = B7986CF429EC08F900A73CB7 /* RMService.swift */; };
		B7986CF729EC092400A73CB7 /* RMRequest.swift in Sources */ = {isa = PBXBuildFile; fileRef = B7986CF629EC092400A73CB7 /* RMRequest.swift */; };
		B7986CF929EC0A5D00A73CB7 /* RMEndpoint.swift in Sources */ = {isa = PBXBuildFile; fileRef = B7986CF829EC0A5D00A73CB7 /* RMEndpoint.swift */; };
		B7E0970B297BBEFA00355C1B /* AppDelegate.swift in Sources */ = {isa = PBXBuildFile; fileRef = B7E0970A297BBEFA00355C1B /* AppDelegate.swift */; };
		B7E0970D297BBEFA00355C1B /* SceneDelegate.swift in Sources */ = {isa = PBXBuildFile; fileRef = B7E0970C297BBEFA00355C1B /* SceneDelegate.swift */; };
		B7E0970F297BBEFA00355C1B /* RMTabViewController.swift in Sources */ = {isa = PBXBuildFile; fileRef = B7E0970E297BBEFA00355C1B /* RMTabViewController.swift */; };
		B7E09714297BBEFB00355C1B /* Assets.xcassets in Resources */ = {isa = PBXBuildFile; fileRef = B7E09713297BBEFB00355C1B /* Assets.xcassets */; };
		B7E09717297BBEFB00355C1B /* LaunchScreen.storyboard in Resources */ = {isa = PBXBuildFile; fileRef = B7E09715297BBEFB00355C1B /* LaunchScreen.storyboard */; };
		B7E09722297BBEFB00355C1B /* RickAndMortyTests.swift in Sources */ = {isa = PBXBuildFile; fileRef = B7E09721297BBEFB00355C1B /* RickAndMortyTests.swift */; };
		B7E0972C297BBEFB00355C1B /* RickAndMortyUITests.swift in Sources */ = {isa = PBXBuildFile; fileRef = B7E0972B297BBEFB00355C1B /* RickAndMortyUITests.swift */; };
		B7E0972E297BBEFB00355C1B /* RickAndMortyUITestsLaunchTests.swift in Sources */ = {isa = PBXBuildFile; fileRef = B7E0972D297BBEFB00355C1B /* RickAndMortyUITestsLaunchTests.swift */; };
/* End PBXBuildFile section */

/* Begin PBXContainerItemProxy section */
		B7E0971E297BBEFB00355C1B /* PBXContainerItemProxy */ = {
			isa = PBXContainerItemProxy;
			containerPortal = B7E096FF297BBEFA00355C1B /* Project object */;
			proxyType = 1;
			remoteGlobalIDString = B7E09706297BBEFA00355C1B;
			remoteInfo = RickAndMorty;
		};
		B7E09728297BBEFB00355C1B /* PBXContainerItemProxy */ = {
			isa = PBXContainerItemProxy;
			containerPortal = B7E096FF297BBEFA00355C1B /* Project object */;
			proxyType = 1;
			remoteGlobalIDString = B7E09706297BBEFA00355C1B;
			remoteInfo = RickAndMorty;
		};
/* End PBXContainerItemProxy section */

/* Begin PBXFileReference section */
		B7566AA12A13C54C00702727 /* RMOrigin.swift */ = {isa = PBXFileReference; lastKnownFileType = sourcecode.swift; path = RMOrigin.swift; sourceTree = "<group>"; };
		B7566AA32A13C65900702727 /* RMSingleLocation.swift */ = {isa = PBXFileReference; lastKnownFileType = sourcecode.swift; path = RMSingleLocation.swift; sourceTree = "<group>"; };
		B7566AA52A13C83400702727 /* RMCharacterStatus.swift */ = {isa = PBXFileReference; lastKnownFileType = sourcecode.swift; path = RMCharacterStatus.swift; sourceTree = "<group>"; };
		B7566AA72A13C88900702727 /* RMCharacterGender.swift */ = {isa = PBXFileReference; lastKnownFileType = sourcecode.swift; path = RMCharacterGender.swift; sourceTree = "<group>"; };
		B7986CE429EBF60000A73CB7 /* RMLocation.swift */ = {isa = PBXFileReference; lastKnownFileType = sourcecode.swift; path = RMLocation.swift; sourceTree = "<group>"; };
		B7986CE629EBF61B00A73CB7 /* RMCharacter.swift */ = {isa = PBXFileReference; lastKnownFileType = sourcecode.swift; path = RMCharacter.swift; sourceTree = "<group>"; };
		B7986CE829EBF63700A73CB7 /* RMEpisode.swift */ = {isa = PBXFileReference; lastKnownFileType = sourcecode.swift; path = RMEpisode.swift; sourceTree = "<group>"; };
		B7986CEB29EBF72000A73CB7 /* RMCharacterViewController.swift */ = {isa = PBXFileReference; lastKnownFileType = sourcecode.swift; path = RMCharacterViewController.swift; sourceTree = "<group>"; };
		B7986CED29EBF75700A73CB7 /* RMEpisodeViewController.swift */ = {isa = PBXFileReference; lastKnownFileType = sourcecode.swift; path = RMEpisodeViewController.swift; sourceTree = "<group>"; };
		B7986CEF29EBF76700A73CB7 /* RMSettingsViewController.swift */ = {isa = PBXFileReference; lastKnownFileType = sourcecode.swift; path = RMSettingsViewController.swift; sourceTree = "<group>"; };
		B7986CF129EBF78800A73CB7 /* RMLocationViewController.swift */ = {isa = PBXFileReference; lastKnownFileType = sourcecode.swift; path = RMLocationViewController.swift; sourceTree = "<group>"; };
		B7986CF429EC08F900A73CB7 /* RMService.swift */ = {isa = PBXFileReference; lastKnownFileType = sourcecode.swift; path = RMService.swift; sourceTree = "<group>"; };
		B7986CF629EC092400A73CB7 /* RMRequest.swift */ = {isa = PBXFileReference; lastKnownFileType = sourcecode.swift; path = RMRequest.swift; sourceTree = "<group>"; };
		B7986CF829EC0A5D00A73CB7 /* RMEndpoint.swift */ = {isa = PBXFileReference; lastKnownFileType = sourcecode.swift; path = RMEndpoint.swift; sourceTree = "<group>"; };
		B7E09707297BBEFA00355C1B /* RickAndMorty.app */ = {isa = PBXFileReference; explicitFileType = wrapper.application; includeInIndex = 0; path = RickAndMorty.app; sourceTree = BUILT_PRODUCTS_DIR; };
		B7E0970A297BBEFA00355C1B /* AppDelegate.swift */ = {isa = PBXFileReference; lastKnownFileType = sourcecode.swift; path = AppDelegate.swift; sourceTree = "<group>"; };
		B7E0970C297BBEFA00355C1B /* SceneDelegate.swift */ = {isa = PBXFileReference; lastKnownFileType = sourcecode.swift; path = SceneDelegate.swift; sourceTree = "<group>"; };
		B7E0970E297BBEFA00355C1B /* RMTabViewController.swift */ = {isa = PBXFileReference; lastKnownFileType = sourcecode.swift; path = RMTabViewController.swift; sourceTree = "<group>"; };
		B7E09713297BBEFB00355C1B /* Assets.xcassets */ = {isa = PBXFileReference; lastKnownFileType = folder.assetcatalog; path = Assets.xcassets; sourceTree = "<group>"; };
		B7E09716297BBEFB00355C1B /* Base */ = {isa = PBXFileReference; lastKnownFileType = file.storyboard; name = Base; path = Base.lproj/LaunchScreen.storyboard; sourceTree = "<group>"; };
		B7E09718297BBEFB00355C1B /* Info.plist */ = {isa = PBXFileReference; lastKnownFileType = text.plist.xml; path = Info.plist; sourceTree = "<group>"; };
		B7E0971D297BBEFB00355C1B /* RickAndMortyTests.xctest */ = {isa = PBXFileReference; explicitFileType = wrapper.cfbundle; includeInIndex = 0; path = RickAndMortyTests.xctest; sourceTree = BUILT_PRODUCTS_DIR; };
		B7E09721297BBEFB00355C1B /* RickAndMortyTests.swift */ = {isa = PBXFileReference; lastKnownFileType = sourcecode.swift; path = RickAndMortyTests.swift; sourceTree = "<group>"; };
		B7E09727297BBEFB00355C1B /* RickAndMortyUITests.xctest */ = {isa = PBXFileReference; explicitFileType = wrapper.cfbundle; includeInIndex = 0; path = RickAndMortyUITests.xctest; sourceTree = BUILT_PRODUCTS_DIR; };
		B7E0972B297BBEFB00355C1B /* RickAndMortyUITests.swift */ = {isa = PBXFileReference; lastKnownFileType = sourcecode.swift; path = RickAndMortyUITests.swift; sourceTree = "<group>"; };
		B7E0972D297BBEFB00355C1B /* RickAndMortyUITestsLaunchTests.swift */ = {isa = PBXFileReference; lastKnownFileType = sourcecode.swift; path = RickAndMortyUITestsLaunchTests.swift; sourceTree = "<group>"; };
/* End PBXFileReference section */

/* Begin PBXFrameworksBuildPhase section */
		B7E09704297BBEFA00355C1B /* Frameworks */ = {
			isa = PBXFrameworksBuildPhase;
			buildActionMask = 2147483647;
			files = (
			);
			runOnlyForDeploymentPostprocessing = 0;
		};
		B7E0971A297BBEFB00355C1B /* Frameworks */ = {
			isa = PBXFrameworksBuildPhase;
			buildActionMask = 2147483647;
			files = (
			);
			runOnlyForDeploymentPostprocessing = 0;
		};
		B7E09724297BBEFB00355C1B /* Frameworks */ = {
			isa = PBXFrameworksBuildPhase;
			buildActionMask = 2147483647;
			files = (
			);
			runOnlyForDeploymentPostprocessing = 0;
		};
/* End PBXFrameworksBuildPhase section */

/* Begin PBXGroup section */
		B7986CE329EBF5EF00A73CB7 /* Models */ = {
			isa = PBXGroup;
			children = (
				B7986CE429EBF60000A73CB7 /* RMLocation.swift */,
				B7986CE629EBF61B00A73CB7 /* RMCharacter.swift */,
				B7986CE829EBF63700A73CB7 /* RMEpisode.swift */,
				B7566AA12A13C54C00702727 /* RMOrigin.swift */,
				B7566AA32A13C65900702727 /* RMSingleLocation.swift */,
				B7566AA52A13C83400702727 /* RMCharacterStatus.swift */,
				B7566AA72A13C88900702727 /* RMCharacterGender.swift */,
			);
			path = Models;
			sourceTree = "<group>";
		};
		B7986CEA29EBF6EC00A73CB7 /* Core */ = {
			isa = PBXGroup;
			children = (
				B7E0970E297BBEFA00355C1B /* RMTabViewController.swift */,
				B7986CEB29EBF72000A73CB7 /* RMCharacterViewController.swift */,
				B7986CED29EBF75700A73CB7 /* RMEpisodeViewController.swift */,
				B7986CEF29EBF76700A73CB7 /* RMSettingsViewController.swift */,
				B7986CF129EBF78800A73CB7 /* RMLocationViewController.swift */,
			);
			path = Core;
			sourceTree = "<group>";
		};
		B7986CF329EC08E300A73CB7 /* APIClient */ = {
			isa = PBXGroup;
			children = (
				B7986CF429EC08F900A73CB7 /* RMService.swift */,
				B7986CF629EC092400A73CB7 /* RMRequest.swift */,
				B7986CF829EC0A5D00A73CB7 /* RMEndpoint.swift */,
			);
			path = APIClient;
			sourceTree = "<group>";
		};
		B7E096FE297BBEFA00355C1B = {
			isa = PBXGroup;
			children = (
				B7E09709297BBEFA00355C1B /* RickAndMorty */,
				B7E09720297BBEFB00355C1B /* RickAndMortyTests */,
				B7E0972A297BBEFB00355C1B /* RickAndMortyUITests */,
				B7E09708297BBEFA00355C1B /* Products */,
			);
			sourceTree = "<group>";
		};
		B7E09708297BBEFA00355C1B /* Products */ = {
			isa = PBXGroup;
			children = (
				B7E09707297BBEFA00355C1B /* RickAndMorty.app */,
				B7E0971D297BBEFB00355C1B /* RickAndMortyTests.xctest */,
				B7E09727297BBEFB00355C1B /* RickAndMortyUITests.xctest */,
			);
			name = Products;
			sourceTree = "<group>";
		};
		B7E09709297BBEFA00355C1B /* RickAndMorty */ = {
			isa = PBXGroup;
			children = (
				B7986CF329EC08E300A73CB7 /* APIClient */,
				B7986CE329EBF5EF00A73CB7 /* Models */,
				B7E09740297BC0CE00355C1B /* Resources */,
				B7E0973A297BC04F00355C1B /* Controllers */,
				B7E09718297BBEFB00355C1B /* Info.plist */,
			);
			path = RickAndMorty;
			sourceTree = "<group>";
		};
		B7E09720297BBEFB00355C1B /* RickAndMortyTests */ = {
			isa = PBXGroup;
			children = (
				B7E09721297BBEFB00355C1B /* RickAndMortyTests.swift */,
			);
			path = RickAndMortyTests;
			sourceTree = "<group>";
		};
		B7E0972A297BBEFB00355C1B /* RickAndMortyUITests */ = {
			isa = PBXGroup;
			children = (
				B7E0972B297BBEFB00355C1B /* RickAndMortyUITests.swift */,
				B7E0972D297BBEFB00355C1B /* RickAndMortyUITestsLaunchTests.swift */,
			);
			path = RickAndMortyUITests;
			sourceTree = "<group>";
		};
		B7E0973A297BC04F00355C1B /* Controllers */ = {
			isa = PBXGroup;
			children = (
				B7986CEA29EBF6EC00A73CB7 /* Core */,
			);
			path = Controllers;
			sourceTree = "<group>";
		};
		B7E09740297BC0CE00355C1B /* Resources */ = {
			isa = PBXGroup;
			children = (
				B7E09715297BBEFB00355C1B /* LaunchScreen.storyboard */,
				B7E09713297BBEFB00355C1B /* Assets.xcassets */,
				B7E0970C297BBEFA00355C1B /* SceneDelegate.swift */,
				B7E0970A297BBEFA00355C1B /* AppDelegate.swift */,
			);
			path = Resources;
			sourceTree = "<group>";
		};
/* End PBXGroup section */

/* Begin PBXNativeTarget section */
		B7E09706297BBEFA00355C1B /* RickAndMorty */ = {
			isa = PBXNativeTarget;
			buildConfigurationList = B7E09731297BBEFB00355C1B /* Build configuration list for PBXNativeTarget "RickAndMorty" */;
			buildPhases = (
				B7E09703297BBEFA00355C1B /* Sources */,
				B7E09704297BBEFA00355C1B /* Frameworks */,
				B7E09705297BBEFA00355C1B /* Resources */,
			);
			buildRules = (
			);
			dependencies = (
			);
			name = RickAndMorty;
			productName = RickAndMorty;
			productReference = B7E09707297BBEFA00355C1B /* RickAndMorty.app */;
			productType = "com.apple.product-type.application";
		};
		B7E0971C297BBEFB00355C1B /* RickAndMortyTests */ = {
			isa = PBXNativeTarget;
			buildConfigurationList = B7E09734297BBEFB00355C1B /* Build configuration list for PBXNativeTarget "RickAndMortyTests" */;
			buildPhases = (
				B7E09719297BBEFB00355C1B /* Sources */,
				B7E0971A297BBEFB00355C1B /* Frameworks */,
				B7E0971B297BBEFB00355C1B /* Resources */,
			);
			buildRules = (
			);
			dependencies = (
				B7E0971F297BBEFB00355C1B /* PBXTargetDependency */,
			);
			name = RickAndMortyTests;
			productName = RickAndMortyTests;
			productReference = B7E0971D297BBEFB00355C1B /* RickAndMortyTests.xctest */;
			productType = "com.apple.product-type.bundle.unit-test";
		};
		B7E09726297BBEFB00355C1B /* RickAndMortyUITests */ = {
			isa = PBXNativeTarget;
			buildConfigurationList = B7E09737297BBEFB00355C1B /* Build configuration list for PBXNativeTarget "RickAndMortyUITests" */;
			buildPhases = (
				B7E09723297BBEFB00355C1B /* Sources */,
				B7E09724297BBEFB00355C1B /* Frameworks */,
				B7E09725297BBEFB00355C1B /* Resources */,
			);
			buildRules = (
			);
			dependencies = (
				B7E09729297BBEFB00355C1B /* PBXTargetDependency */,
			);
			name = RickAndMortyUITests;
			productName = RickAndMortyUITests;
			productReference = B7E09727297BBEFB00355C1B /* RickAndMortyUITests.xctest */;
			productType = "com.apple.product-type.bundle.ui-testing";
		};
/* End PBXNativeTarget section */

/* Begin PBXProject section */
		B7E096FF297BBEFA00355C1B /* Project object */ = {
			isa = PBXProject;
			attributes = {
				BuildIndependentTargetsInParallel = 1;
				LastSwiftUpdateCheck = 1410;
				LastUpgradeCheck = 1410;
				TargetAttributes = {
					B7E09706297BBEFA00355C1B = {
						CreatedOnToolsVersion = 14.1;
					};
					B7E0971C297BBEFB00355C1B = {
						CreatedOnToolsVersion = 14.1;
						TestTargetID = B7E09706297BBEFA00355C1B;
					};
					B7E09726297BBEFB00355C1B = {
						CreatedOnToolsVersion = 14.1;
						TestTargetID = B7E09706297BBEFA00355C1B;
					};
				};
			};
			buildConfigurationList = B7E09702297BBEFA00355C1B /* Build configuration list for PBXProject "RickAndMorty" */;
			compatibilityVersion = "Xcode 14.0";
			developmentRegion = en;
			hasScannedForEncodings = 0;
			knownRegions = (
				en,
				Base,
			);
			mainGroup = B7E096FE297BBEFA00355C1B;
			productRefGroup = B7E09708297BBEFA00355C1B /* Products */;
			projectDirPath = "";
			projectRoot = "";
			targets = (
				B7E09706297BBEFA00355C1B /* RickAndMorty */,
				B7E0971C297BBEFB00355C1B /* RickAndMortyTests */,
				B7E09726297BBEFB00355C1B /* RickAndMortyUITests */,
			);
		};
/* End PBXProject section */

/* Begin PBXResourcesBuildPhase section */
		B7E09705297BBEFA00355C1B /* Resources */ = {
			isa = PBXResourcesBuildPhase;
			buildActionMask = 2147483647;
			files = (
				B7E09717297BBEFB00355C1B /* LaunchScreen.storyboard in Resources */,
				B7E09714297BBEFB00355C1B /* Assets.xcassets in Resources */,
			);
			runOnlyForDeploymentPostprocessing = 0;
		};
		B7E0971B297BBEFB00355C1B /* Resources */ = {
			isa = PBXResourcesBuildPhase;
			buildActionMask = 2147483647;
			files = (
			);
			runOnlyForDeploymentPostprocessing = 0;
		};
		B7E09725297BBEFB00355C1B /* Resources */ = {
			isa = PBXResourcesBuildPhase;
			buildActionMask = 2147483647;
			files = (
			);
			runOnlyForDeploymentPostprocessing = 0;
		};
/* End PBXResourcesBuildPhase section */

/* Begin PBXSourcesBuildPhase section */
		B7E09703297BBEFA00355C1B /* Sources */ = {
			isa = PBXSourcesBuildPhase;
			buildActionMask = 2147483647;
			files = (
				B7566AA22A13C54C00702727 /* RMOrigin.swift in Sources */,
				B7566AA42A13C65900702727 /* RMSingleLocation.swift in Sources */,
				B7566AA62A13C83400702727 /* RMCharacterStatus.swift in Sources */,
				B7566AA82A13C88900702727 /* RMCharacterGender.swift in Sources */,
				B7986CF029EBF76700A73CB7 /* RMSettingsViewController.swift in Sources */,
				B7986CE929EBF63700A73CB7 /* RMEpisode.swift in Sources */,
				B7E0970F297BBEFA00355C1B /* RMTabViewController.swift in Sources */,
				B7E0970B297BBEFA00355C1B /* AppDelegate.swift in Sources */,
				B7E0970D297BBEFA00355C1B /* SceneDelegate.swift in Sources */,
				B7986CE529EBF60000A73CB7 /* RMLocation.swift in Sources */,
				B7986CF229EBF78800A73CB7 /* RMLocationViewController.swift in Sources */,
				B7986CF529EC08F900A73CB7 /* RMService.swift in Sources */,
				B7986CE729EBF61B00A73CB7 /* RMCharacter.swift in Sources */,
				B7986CF929EC0A5D00A73CB7 /* RMEndpoint.swift in Sources */,
				B7986CEC29EBF72000A73CB7 /* RMCharacterViewController.swift in Sources */,
				B7986CF729EC092400A73CB7 /* RMRequest.swift in Sources */,
				B7986CEE29EBF75700A73CB7 /* RMEpisodeViewController.swift in Sources */,
			);
			runOnlyForDeploymentPostprocessing = 0;
		};
		B7E09719297BBEFB00355C1B /* Sources */ = {
			isa = PBXSourcesBuildPhase;
			buildActionMask = 2147483647;
			files = (
				B7E09722297BBEFB00355C1B /* RickAndMortyTests.swift in Sources */,
			);
			runOnlyForDeploymentPostprocessing = 0;
		};
		B7E09723297BBEFB00355C1B /* Sources */ = {
			isa = PBXSourcesBuildPhase;
			buildActionMask = 2147483647;
			files = (
				B7E0972C297BBEFB00355C1B /* RickAndMortyUITests.swift in Sources */,
				B7E0972E297BBEFB00355C1B /* RickAndMortyUITestsLaunchTests.swift in Sources */,
			);
			runOnlyForDeploymentPostprocessing = 0;
		};
/* End PBXSourcesBuildPhase section */

/* Begin PBXTargetDependency section */
		B7E0971F297BBEFB00355C1B /* PBXTargetDependency */ = {
			isa = PBXTargetDependency;
			target = B7E09706297BBEFA00355C1B /* RickAndMorty */;
			targetProxy = B7E0971E297BBEFB00355C1B /* PBXContainerItemProxy */;
		};
		B7E09729297BBEFB00355C1B /* PBXTargetDependency */ = {
			isa = PBXTargetDependency;
			target = B7E09706297BBEFA00355C1B /* RickAndMorty */;
			targetProxy = B7E09728297BBEFB00355C1B /* PBXContainerItemProxy */;
		};
/* End PBXTargetDependency section */

/* Begin PBXVariantGroup section */
		B7E09715297BBEFB00355C1B /* LaunchScreen.storyboard */ = {
			isa = PBXVariantGroup;
			children = (
				B7E09716297BBEFB00355C1B /* Base */,
			);
			name = LaunchScreen.storyboard;
			sourceTree = "<group>";
		};
/* End PBXVariantGroup section */

/* Begin XCBuildConfiguration section */
		B7E0972F297BBEFB00355C1B /* Debug */ = {
			isa = XCBuildConfiguration;
			buildSettings = {
				ALWAYS_SEARCH_USER_PATHS = NO;
				CLANG_ANALYZER_NONNULL = YES;
				CLANG_ANALYZER_NUMBER_OBJECT_CONVERSION = YES_AGGRESSIVE;
				CLANG_CXX_LANGUAGE_STANDARD = "gnu++20";
				CLANG_ENABLE_MODULES = YES;
				CLANG_ENABLE_OBJC_ARC = YES;
				CLANG_ENABLE_OBJC_WEAK = YES;
				CLANG_WARN_BLOCK_CAPTURE_AUTORELEASING = YES;
				CLANG_WARN_BOOL_CONVERSION = YES;
				CLANG_WARN_COMMA = YES;
				CLANG_WARN_CONSTANT_CONVERSION = YES;
				CLANG_WARN_DEPRECATED_OBJC_IMPLEMENTATIONS = YES;
				CLANG_WARN_DIRECT_OBJC_ISA_USAGE = YES_ERROR;
				CLANG_WARN_DOCUMENTATION_COMMENTS = YES;
				CLANG_WARN_EMPTY_BODY = YES;
				CLANG_WARN_ENUM_CONVERSION = YES;
				CLANG_WARN_INFINITE_RECURSION = YES;
				CLANG_WARN_INT_CONVERSION = YES;
				CLANG_WARN_NON_LITERAL_NULL_CONVERSION = YES;
				CLANG_WARN_OBJC_IMPLICIT_RETAIN_SELF = YES;
				CLANG_WARN_OBJC_LITERAL_CONVERSION = YES;
				CLANG_WARN_OBJC_ROOT_CLASS = YES_ERROR;
				CLANG_WARN_QUOTED_INCLUDE_IN_FRAMEWORK_HEADER = YES;
				CLANG_WARN_RANGE_LOOP_ANALYSIS = YES;
				CLANG_WARN_STRICT_PROTOTYPES = YES;
				CLANG_WARN_SUSPICIOUS_MOVE = YES;
				CLANG_WARN_UNGUARDED_AVAILABILITY = YES_AGGRESSIVE;
				CLANG_WARN_UNREACHABLE_CODE = YES;
				CLANG_WARN__DUPLICATE_METHOD_MATCH = YES;
				COPY_PHASE_STRIP = NO;
				DEBUG_INFORMATION_FORMAT = dwarf;
				ENABLE_STRICT_OBJC_MSGSEND = YES;
				ENABLE_TESTABILITY = YES;
				GCC_C_LANGUAGE_STANDARD = gnu11;
				GCC_DYNAMIC_NO_PIC = NO;
				GCC_NO_COMMON_BLOCKS = YES;
				GCC_OPTIMIZATION_LEVEL = 0;
				GCC_PREPROCESSOR_DEFINITIONS = (
					"DEBUG=1",
					"$(inherited)",
				);
				GCC_WARN_64_TO_32_BIT_CONVERSION = YES;
				GCC_WARN_ABOUT_RETURN_TYPE = YES_ERROR;
				GCC_WARN_UNDECLARED_SELECTOR = YES;
				GCC_WARN_UNINITIALIZED_AUTOS = YES_AGGRESSIVE;
				GCC_WARN_UNUSED_FUNCTION = YES;
				GCC_WARN_UNUSED_VARIABLE = YES;
				IPHONEOS_DEPLOYMENT_TARGET = 16.1;
				MTL_ENABLE_DEBUG_INFO = INCLUDE_SOURCE;
				MTL_FAST_MATH = YES;
				ONLY_ACTIVE_ARCH = YES;
				SDKROOT = iphoneos;
				SWIFT_ACTIVE_COMPILATION_CONDITIONS = DEBUG;
				SWIFT_OPTIMIZATION_LEVEL = "-Onone";
			};
			name = Debug;
		};
		B7E09730297BBEFB00355C1B /* Release */ = {
			isa = XCBuildConfiguration;
			buildSettings = {
				ALWAYS_SEARCH_USER_PATHS = NO;
				CLANG_ANALYZER_NONNULL = YES;
				CLANG_ANALYZER_NUMBER_OBJECT_CONVERSION = YES_AGGRESSIVE;
				CLANG_CXX_LANGUAGE_STANDARD = "gnu++20";
				CLANG_ENABLE_MODULES = YES;
				CLANG_ENABLE_OBJC_ARC = YES;
				CLANG_ENABLE_OBJC_WEAK = YES;
				CLANG_WARN_BLOCK_CAPTURE_AUTORELEASING = YES;
				CLANG_WARN_BOOL_CONVERSION = YES;
				CLANG_WARN_COMMA = YES;
				CLANG_WARN_CONSTANT_CONVERSION = YES;
				CLANG_WARN_DEPRECATED_OBJC_IMPLEMENTATIONS = YES;
				CLANG_WARN_DIRECT_OBJC_ISA_USAGE = YES_ERROR;
				CLANG_WARN_DOCUMENTATION_COMMENTS = YES;
				CLANG_WARN_EMPTY_BODY = YES;
				CLANG_WARN_ENUM_CONVERSION = YES;
				CLANG_WARN_INFINITE_RECURSION = YES;
				CLANG_WARN_INT_CONVERSION = YES;
				CLANG_WARN_NON_LITERAL_NULL_CONVERSION = YES;
				CLANG_WARN_OBJC_IMPLICIT_RETAIN_SELF = YES;
				CLANG_WARN_OBJC_LITERAL_CONVERSION = YES;
				CLANG_WARN_OBJC_ROOT_CLASS = YES_ERROR;
				CLANG_WARN_QUOTED_INCLUDE_IN_FRAMEWORK_HEADER = YES;
				CLANG_WARN_RANGE_LOOP_ANALYSIS = YES;
				CLANG_WARN_STRICT_PROTOTYPES = YES;
				CLANG_WARN_SUSPICIOUS_MOVE = YES;
				CLANG_WARN_UNGUARDED_AVAILABILITY = YES_AGGRESSIVE;
				CLANG_WARN_UNREACHABLE_CODE = YES;
				CLANG_WARN__DUPLICATE_METHOD_MATCH = YES;
				COPY_PHASE_STRIP = NO;
				DEBUG_INFORMATION_FORMAT = "dwarf-with-dsym";
				ENABLE_NS_ASSERTIONS = NO;
				ENABLE_STRICT_OBJC_MSGSEND = YES;
				GCC_C_LANGUAGE_STANDARD = gnu11;
				GCC_NO_COMMON_BLOCKS = YES;
				GCC_WARN_64_TO_32_BIT_CONVERSION = YES;
				GCC_WARN_ABOUT_RETURN_TYPE = YES_ERROR;
				GCC_WARN_UNDECLARED_SELECTOR = YES;
				GCC_WARN_UNINITIALIZED_AUTOS = YES_AGGRESSIVE;
				GCC_WARN_UNUSED_FUNCTION = YES;
				GCC_WARN_UNUSED_VARIABLE = YES;
				IPHONEOS_DEPLOYMENT_TARGET = 16.1;
				MTL_ENABLE_DEBUG_INFO = NO;
				MTL_FAST_MATH = YES;
				SDKROOT = iphoneos;
				SWIFT_COMPILATION_MODE = wholemodule;
				SWIFT_OPTIMIZATION_LEVEL = "-O";
				VALIDATE_PRODUCT = YES;
			};
			name = Release;
		};
		B7E09732297BBEFB00355C1B /* Debug */ = {
			isa = XCBuildConfiguration;
			buildSettings = {
				ASSETCATALOG_COMPILER_APPICON_NAME = AppIcon;
				ASSETCATALOG_COMPILER_GLOBAL_ACCENT_COLOR_NAME = AccentColor;
				CODE_SIGN_STYLE = Automatic;
				CURRENT_PROJECT_VERSION = 1;
				GENERATE_INFOPLIST_FILE = YES;
				INFOPLIST_FILE = RickAndMorty/Info.plist;
				INFOPLIST_KEY_UIApplicationSupportsIndirectInputEvents = YES;
				INFOPLIST_KEY_UILaunchStoryboardName = LaunchScreen;
				INFOPLIST_KEY_UISupportedInterfaceOrientations_iPad = "UIInterfaceOrientationPortrait UIInterfaceOrientationPortraitUpsideDown UIInterfaceOrientationLandscapeLeft UIInterfaceOrientationLandscapeRight";
				INFOPLIST_KEY_UISupportedInterfaceOrientations_iPhone = "UIInterfaceOrientationPortrait UIInterfaceOrientationLandscapeLeft UIInterfaceOrientationLandscapeRight";
				IPHONEOS_DEPLOYMENT_TARGET = 14.1;
				LD_RUNPATH_SEARCH_PATHS = (
					"$(inherited)",
					"@executable_path/Frameworks",
				);
				MARKETING_VERSION = 1.0;
				PRODUCT_BUNDLE_IDENTIFIER = com.teja.RickAndMorty;
				PRODUCT_NAME = "$(TARGET_NAME)";
				SWIFT_EMIT_LOC_STRINGS = YES;
				SWIFT_VERSION = 5.0;
				TARGETED_DEVICE_FAMILY = "1,2";
			};
			name = Debug;
		};
		B7E09733297BBEFB00355C1B /* Release */ = {
			isa = XCBuildConfiguration;
			buildSettings = {
				ASSETCATALOG_COMPILER_APPICON_NAME = AppIcon;
				ASSETCATALOG_COMPILER_GLOBAL_ACCENT_COLOR_NAME = AccentColor;
				CODE_SIGN_STYLE = Automatic;
				CURRENT_PROJECT_VERSION = 1;
				GENERATE_INFOPLIST_FILE = YES;
				INFOPLIST_FILE = RickAndMorty/Info.plist;
				INFOPLIST_KEY_UIApplicationSupportsIndirectInputEvents = YES;
				INFOPLIST_KEY_UILaunchStoryboardName = LaunchScreen;
				INFOPLIST_KEY_UISupportedInterfaceOrientations_iPad = "UIInterfaceOrientationPortrait UIInterfaceOrientationPortraitUpsideDown UIInterfaceOrientationLandscapeLeft UIInterfaceOrientationLandscapeRight";
				INFOPLIST_KEY_UISupportedInterfaceOrientations_iPhone = "UIInterfaceOrientationPortrait UIInterfaceOrientationLandscapeLeft UIInterfaceOrientationLandscapeRight";
				IPHONEOS_DEPLOYMENT_TARGET = 14.1;
				LD_RUNPATH_SEARCH_PATHS = (
					"$(inherited)",
					"@executable_path/Frameworks",
				);
				MARKETING_VERSION = 1.0;
				PRODUCT_BUNDLE_IDENTIFIER = com.teja.RickAndMorty;
				PRODUCT_NAME = "$(TARGET_NAME)";
				SWIFT_EMIT_LOC_STRINGS = YES;
				SWIFT_VERSION = 5.0;
				TARGETED_DEVICE_FAMILY = "1,2";
			};
			name = Release;
		};
		B7E09735297BBEFB00355C1B /* Debug */ = {
			isa = XCBuildConfiguration;
			buildSettings = {
				ALWAYS_EMBED_SWIFT_STANDARD_LIBRARIES = YES;
				BUNDLE_LOADER = "$(TEST_HOST)";
				CODE_SIGN_STYLE = Automatic;
				CURRENT_PROJECT_VERSION = 1;
				GENERATE_INFOPLIST_FILE = YES;
				IPHONEOS_DEPLOYMENT_TARGET = 16.1;
				MARKETING_VERSION = 1.0;
				PRODUCT_BUNDLE_IDENTIFIER = com.teja.RickAndMortyTests;
				PRODUCT_NAME = "$(TARGET_NAME)";
				SWIFT_EMIT_LOC_STRINGS = NO;
				SWIFT_VERSION = 5.0;
				TARGETED_DEVICE_FAMILY = "1,2";
				TEST_HOST = "$(BUILT_PRODUCTS_DIR)/RickAndMorty.app/$(BUNDLE_EXECUTABLE_FOLDER_PATH)/RickAndMorty";
			};
			name = Debug;
		};
		B7E09736297BBEFB00355C1B /* Release */ = {
			isa = XCBuildConfiguration;
			buildSettings = {
				ALWAYS_EMBED_SWIFT_STANDARD_LIBRARIES = YES;
				BUNDLE_LOADER = "$(TEST_HOST)";
				CODE_SIGN_STYLE = Automatic;
				CURRENT_PROJECT_VERSION = 1;
				GENERATE_INFOPLIST_FILE = YES;
				IPHONEOS_DEPLOYMENT_TARGET = 16.1;
				MARKETING_VERSION = 1.0;
				PRODUCT_BUNDLE_IDENTIFIER = com.teja.RickAndMortyTests;
				PRODUCT_NAME = "$(TARGET_NAME)";
				SWIFT_EMIT_LOC_STRINGS = NO;
				SWIFT_VERSION = 5.0;
				TARGETED_DEVICE_FAMILY = "1,2";
				TEST_HOST = "$(BUILT_PRODUCTS_DIR)/RickAndMorty.app/$(BUNDLE_EXECUTABLE_FOLDER_PATH)/RickAndMorty";
			};
			name = Release;
		};
		B7E09738297BBEFB00355C1B /* Debug */ = {
			isa = XCBuildConfiguration;
			buildSettings = {
				ALWAYS_EMBED_SWIFT_STANDARD_LIBRARIES = YES;
				CODE_SIGN_STYLE = Automatic;
				CURRENT_PROJECT_VERSION = 1;
				GENERATE_INFOPLIST_FILE = YES;
				MARKETING_VERSION = 1.0;
				PRODUCT_BUNDLE_IDENTIFIER = com.teja.RickAndMortyUITests;
				PRODUCT_NAME = "$(TARGET_NAME)";
				SWIFT_EMIT_LOC_STRINGS = NO;
				SWIFT_VERSION = 5.0;
				TARGETED_DEVICE_FAMILY = "1,2";
				TEST_TARGET_NAME = RickAndMorty;
			};
			name = Debug;
		};
		B7E09739297BBEFB00355C1B /* Release */ = {
			isa = XCBuildConfiguration;
			buildSettings = {
				ALWAYS_EMBED_SWIFT_STANDARD_LIBRARIES = YES;
				CODE_SIGN_STYLE = Automatic;
				CURRENT_PROJECT_VERSION = 1;
				GENERATE_INFOPLIST_FILE = YES;
				MARKETING_VERSION = 1.0;
				PRODUCT_BUNDLE_IDENTIFIER = com.teja.RickAndMortyUITests;
				PRODUCT_NAME = "$(TARGET_NAME)";
				SWIFT_EMIT_LOC_STRINGS = NO;
				SWIFT_VERSION = 5.0;
				TARGETED_DEVICE_FAMILY = "1,2";
				TEST_TARGET_NAME = RickAndMorty;
			};
			name = Release;
		};
/* End XCBuildConfiguration section */

/* Begin XCConfigurationList section */
		B7E09702297BBEFA00355C1B /* Build configuration list for PBXProject "RickAndMorty" */ = {
			isa = XCConfigurationList;
			buildConfigurations = (
				B7E0972F297BBEFB00355C1B /* Debug */,
				B7E09730297BBEFB00355C1B /* Release */,
			);
			defaultConfigurationIsVisible = 0;
			defaultConfigurationName = Release;
		};
		B7E09731297BBEFB00355C1B /* Build configuration list for PBXNativeTarget "RickAndMorty" */ = {
			isa = XCConfigurationList;
			buildConfigurations = (
				B7E09732297BBEFB00355C1B /* Debug */,
				B7E09733297BBEFB00355C1B /* Release */,
			);
			defaultConfigurationIsVisible = 0;
			defaultConfigurationName = Release;
		};
		B7E09734297BBEFB00355C1B /* Build configuration list for PBXNativeTarget "RickAndMortyTests" */ = {
			isa = XCConfigurationList;
			buildConfigurations = (
				B7E09735297BBEFB00355C1B /* Debug */,
				B7E09736297BBEFB00355C1B /* Release */,
			);
			defaultConfigurationIsVisible = 0;
			defaultConfigurationName = Release;
		};
		B7E09737297BBEFB00355C1B /* Build configuration list for PBXNativeTarget "RickAndMortyUITests" */ = {
			isa = XCConfigurationList;
			buildConfigurations = (
				B7E09738297BBEFB00355C1B /* Debug */,
				B7E09739297BBEFB00355C1B /* Release */,
			);
			defaultConfigurationIsVisible = 0;
			defaultConfigurationName = Release;
		};
/* End XCConfigurationList section */
	};
	rootObject = B7E096FF297BBEFA00355C1B /* Project object */;
}
